
Microsoft Visual Studio Solution File, Format Version 12.00
# Visual Studio 14
VisualStudioVersion = 14.0.25420.1
MinimumVisualStudioVersion = 10.0.40219.1
Project("{FAE04EC0-301F-11D3-BF4B-00C04F79EFBC}") = "TextFileSample001", "TextFileSample001\TextFileSample001.csproj", "{B92CF73D-C827-4F5A-83BE-B1DCD2F92DDA}"
EndProject
Global
	GlobalSection(SolutionConfigurationPlatforms) = preSolution
		Debug|Any CPU = Debug|Any CPU
		Release|Any CPU = Release|Any CPU
	EndGlobalSection
	GlobalSection(ProjectConfigurationPlatforms) = postSolution
		{B92CF73D-C827-4F5A-83BE-B1DCD2F92DDA}.Debug|Any CPU.ActiveCfg = Debug|Any CPU
		{B92CF73D-C827-4F5A-83BE-B1DCD2F92DDA}.Debug|Any CPU.Build.0 = Debug|Any CPU
		{B92CF73D-C827-4F5A-83BE-B1DCD2F92DDA}.Release|Any CPU.ActiveCfg = Release|Any CPU
		{B92CF73D-C827-4F5A-83BE-B1DCD2F92DDA}.Release|Any CPU.Build.0 = Release|Any CPU
	EndGlobalSection
	GlobalSection(SolutionProperties) = preSolution
		HideSolutionNode = FALSE
	EndGlobalSection
EndGlobal
